
Microsoft Visual Studio Solution File, Format Version 12.00
# Visual Studio Version 17
VisualStudioVersion = 17.0.31903.59
MinimumVisualStudioVersion = 10.0.40219.1
Project("{FAE04EC0-301F-11D3-BF4B-00C04F79EFBC}") = "AuthorizedAPI", "AuthorizedAPI\AuthorizedAPI.csproj", "{BBC14496-7F20-4771-8AE5-0A21E8E83334}"
EndProject
Project("{9A19103F-16F7-4668-BE54-9A1E7A4F7556}") = "ClientApp", "ClientApp\ClientApp.csproj", "{5DACA6B3-21D2-4B61-B9F3-A9B096B31123}"
EndProject
Global
	GlobalSection(SolutionConfigurationPlatforms) = preSolution
		Debug|Any CPU = Debug|Any CPU
		Release|Any CPU = Release|Any CPU
	EndGlobalSection
	GlobalSection(ProjectConfigurationPlatforms) = postSolution
		{BBC14496-7F20-4771-8AE5-0A21E8E83334}.Debug|Any CPU.ActiveCfg = Debug|Any CPU
		{BBC14496-7F20-4771-8AE5-0A21E8E83334}.Debug|Any CPU.Build.0 = Debug|Any CPU
		{BBC14496-7F20-4771-8AE5-0A21E8E83334}.Release|Any CPU.ActiveCfg = Release|Any CPU
		{BBC14496-7F20-4771-8AE5-0A21E8E83334}.Release|Any CPU.Build.0 = Release|Any CPU
		{5DACA6B3-21D2-4B61-B9F3-A9B096B31123}.Debug|Any CPU.ActiveCfg = Debug|Any CPU
		{5DACA6B3-21D2-4B61-B9F3-A9B096B31123}.Debug|Any CPU.Build.0 = Debug|Any CPU
		{5DACA6B3-21D2-4B61-B9F3-A9B096B31123}.Release|Any CPU.ActiveCfg = Release|Any CPU
		{5DACA6B3-21D2-4B61-B9F3-A9B096B31123}.Release|Any CPU.Build.0 = Release|Any CPU
	EndGlobalSection
	GlobalSection(SolutionProperties) = preSolution
		HideSolutionNode = FALSE
	EndGlobalSection
	GlobalSection(ExtensibilityGlobals) = postSolution
		SolutionGuid = {EDBDFF5B-2E37-4BE0-BD45-9CA17B58E144}
	EndGlobalSection
EndGlobal
